
Microsoft Visual Studio Solution File, Format Version 9.00
# Visual Studio 2005
Project("{8BC9CEB8-8B4A-11D0-8D11-00A0C91BC942}") = "Sys", "..\Sys\Sys.vcproj", "{478DC5F1-6F74-4640-99E7-2DBBC08BEA36}"
EndProject
Project("{8BC9CEB8-8B4A-11D0-8D11-00A0C91BC942}") = "GL", "..\GL\GL.vcproj", "{5934E798-6219-4A27-96D5-4ED1CDA0B91A}"
	ProjectSection(ProjectDependencies) = postProject
		{64377D0E-301E-414D-9922-3691DB9CFD8A} = {64377D0E-301E-414D-9922-3691DB9CFD8A}
		{478DC5F1-6F74-4640-99E7-2DBBC08BEA36} = {478DC5F1-6F74-4640-99E7-2DBBC08BEA36}
	EndProjectSection
EndProject
Project("{8BC9CEB8-8B4A-11D0-8D11-00A0C91BC942}") = "Math", "..\Math\Math.vcproj", "{64377D0E-301E-414D-9922-3691DB9CFD8A}"
EndProject
Project("{8BC9CEB8-8B4A-11D0-8D11-00A0C91BC942}") = "Sample05", "Sample05\Sample05.vcproj", "{C7A1A4F9-96C6-4C68-99E0-C69A7DF83797}"
	ProjectSection(ProjectDependencies) = postProject
		{478DC5F1-6F74-4640-99E7-2DBBC08BEA36} = {478DC5F1-6F74-4640-99E7-2DBBC08BEA36}
		{5934E798-6219-4A27-96D5-4ED1CDA0B91A} = {5934E798-6219-4A27-96D5-4ED1CDA0B91A}
		{64377D0E-301E-414D-9922-3691DB9CFD8A} = {64377D0E-301E-414D-9922-3691DB9CFD8A}
	EndProjectSection
EndProject
Project("{8BC9CEB8-8B4A-11D0-8D11-00A0C91BC942}") = "Sample01", "Sample01\Sample01.vcproj", "{5C20133D-F8D1-4653-B5F8-E0CB5DDE7339}"
	ProjectSection(ProjectDependencies) = postProject
		{478DC5F1-6F74-4640-99E7-2DBBC08BEA36} = {478DC5F1-6F74-4640-99E7-2DBBC08BEA36}
		{64377D0E-301E-414D-9922-3691DB9CFD8A} = {64377D0E-301E-414D-9922-3691DB9CFD8A}
		{5934E798-6219-4A27-96D5-4ED1CDA0B91A} = {5934E798-6219-4A27-96D5-4ED1CDA0B91A}
	EndProjectSection
EndProject
Project("{8BC9CEB8-8B4A-11D0-8D11-00A0C91BC942}") = "Sample03", "Sample03\Sample03.vcproj", "{7C40B1D1-9BF6-4450-A9A1-5697CED6359C}"
	ProjectSection(ProjectDependencies) = postProject
		{478DC5F1-6F74-4640-99E7-2DBBC08BEA36} = {478DC5F1-6F74-4640-99E7-2DBBC08BEA36}
		{64377D0E-301E-414D-9922-3691DB9CFD8A} = {64377D0E-301E-414D-9922-3691DB9CFD8A}
		{5934E798-6219-4A27-96D5-4ED1CDA0B91A} = {5934E798-6219-4A27-96D5-4ED1CDA0B91A}
	EndProjectSection
EndProject
Project("{8BC9CEB8-8B4A-11D0-8D11-00A0C91BC942}") = "Sample02", "Sample02\Sample02.vcproj", "{D6BEDD1B-150E-44EB-8AF4-553F2848ADDF}"
	ProjectSection(ProjectDependencies) = postProject
		{478DC5F1-6F74-4640-99E7-2DBBC08BEA36} = {478DC5F1-6F74-4640-99E7-2DBBC08BEA36}
		{64377D0E-301E-414D-9922-3691DB9CFD8A} = {64377D0E-301E-414D-9922-3691DB9CFD8A}
		{5934E798-6219-4A27-96D5-4ED1CDA0B91A} = {5934E798-6219-4A27-96D5-4ED1CDA0B91A}
	EndProjectSection
EndProject
Project("{8BC9CEB8-8B4A-11D0-8D11-00A0C91BC942}") = "Sample04", "Sample04\Sample04.vcproj", "{70E95F23-5772-4481-A072-DDB599D8D563}"
	ProjectSection(ProjectDependencies) = postProject
		{478DC5F1-6F74-4640-99E7-2DBBC08BEA36} = {478DC5F1-6F74-4640-99E7-2DBBC08BEA36}
		{64377D0E-301E-414D-9922-3691DB9CFD8A} = {64377D0E-301E-414D-9922-3691DB9CFD8A}
		{5934E798-6219-4A27-96D5-4ED1CDA0B91A} = {5934E798-6219-4A27-96D5-4ED1CDA0B91A}
	EndProjectSection
EndProject
Project("{8BC9CEB8-8B4A-11D0-8D11-00A0C91BC942}") = "Sample06", "Sample06\Sample06.vcproj", "{3FDB0223-5737-423E-AE79-530531047A5A}"
	ProjectSection(ProjectDependencies) = postProject
		{478DC5F1-6F74-4640-99E7-2DBBC08BEA36} = {478DC5F1-6F74-4640-99E7-2DBBC08BEA36}
		{64377D0E-301E-414D-9922-3691DB9CFD8A} = {64377D0E-301E-414D-9922-3691DB9CFD8A}
		{5934E798-6219-4A27-96D5-4ED1CDA0B91A} = {5934E798-6219-4A27-96D5-4ED1CDA0B91A}
	EndProjectSection
EndProject
Project("{8BC9CEB8-8B4A-11D0-8D11-00A0C91BC942}") = "Sample07", "Sample07\Sample07.vcproj", "{837E8B0D-DEA5-45F2-A6AB-0FBDE3BAA889}"
	ProjectSection(ProjectDependencies) = postProject
		{478DC5F1-6F74-4640-99E7-2DBBC08BEA36} = {478DC5F1-6F74-4640-99E7-2DBBC08BEA36}
		{64377D0E-301E-414D-9922-3691DB9CFD8A} = {64377D0E-301E-414D-9922-3691DB9CFD8A}
		{5934E798-6219-4A27-96D5-4ED1CDA0B91A} = {5934E798-6219-4A27-96D5-4ED1CDA0B91A}
	EndProjectSection
EndProject
Global
	GlobalSection(SolutionConfigurationPlatforms) = preSolution
		Debug|Win32 = Debug|Win32
		Release|Win32 = Release|Win32
	EndGlobalSection
	GlobalSection(ProjectConfigurationPlatforms) = postSolution
		{478DC5F1-6F74-4640-99E7-2DBBC08BEA36}.Debug|Win32.ActiveCfg = Debug|Win32
		{478DC5F1-6F74-4640-99E7-2DBBC08BEA36}.Debug|Win32.Build.0 = Debug|Win32
		{478DC5F1-6F74-4640-99E7-2DBBC08BEA36}.Release|Win32.ActiveCfg = Release|Win32
		{478DC5F1-6F74-4640-99E7-2DBBC08BEA36}.Release|Win32.Build.0 = Release|Win32
		{5934E798-6219-4A27-96D5-4ED1CDA0B91A}.Debug|Win32.ActiveCfg = Debug|Win32
		{5934E798-6219-4A27-96D5-4ED1CDA0B91A}.Debug|Win32.Build.0 = Debug|Win32
		{5934E798-6219-4A27-96D5-4ED1CDA0B91A}.Release|Win32.ActiveCfg = Release|Win32
		{5934E798-6219-4A27-96D5-4ED1CDA0B91A}.Release|Win32.Build.0 = Release|Win32
		{64377D0E-301E-414D-9922-3691DB9CFD8A}.Debug|Win32.ActiveCfg = Debug|Win32
		{64377D0E-301E-414D-9922-3691DB9CFD8A}.Debug|Win32.Build.0 = Debug|Win32
		{64377D0E-301E-414D-9922-3691DB9CFD8A}.Release|Win32.ActiveCfg = Release|Win32
		{64377D0E-301E-414D-9922-3691DB9CFD8A}.Release|Win32.Build.0 = Release|Win32
		{C7A1A4F9-96C6-4C68-99E0-C69A7DF83797}.Debug|Win32.ActiveCfg = Debug|Win32
		{C7A1A4F9-96C6-4C68-99E0-C69A7DF83797}.Debug|Win32.Build.0 = Debug|Win32
		{C7A1A4F9-96C6-4C68-99E0-C69A7DF83797}.Release|Win32.ActiveCfg = Release|Win32
		{C7A1A4F9-96C6-4C68-99E0-C69A7DF83797}.Release|Win32.Build.0 = Release|Win32
		{5C20133D-F8D1-4653-B5F8-E0CB5DDE7339}.Debug|Win32.ActiveCfg = Debug|Win32
		{5C20133D-F8D1-4653-B5F8-E0CB5DDE7339}.Debug|Win32.Build.0 = Debug|Win32
		{5C20133D-F8D1-4653-B5F8-E0CB5DDE7339}.Release|Win32.ActiveCfg = Release|Win32
		{5C20133D-F8D1-4653-B5F8-E0CB5DDE7339}.Release|Win32.Build.0 = Release|Win32
		{7C40B1D1-9BF6-4450-A9A1-5697CED6359C}.Debug|Win32.ActiveCfg = Debug|Win32
		{7C40B1D1-9BF6-4450-A9A1-5697CED6359C}.Debug|Win32.Build.0 = Debug|Win32
		{7C40B1D1-9BF6-4450-A9A1-5697CED6359C}.Release|Win32.ActiveCfg = Release|Win32
		{7C40B1D1-9BF6-4450-A9A1-5697CED6359C}.Release|Win32.Build.0 = Release|Win32
		{D6BEDD1B-150E-44EB-8AF4-553F2848ADDF}.Debug|Win32.ActiveCfg = Debug|Win32
		{D6BEDD1B-150E-44EB-8AF4-553F2848ADDF}.Debug|Win32.Build.0 = Debug|Win32
		{D6BEDD1B-150E-44EB-8AF4-553F2848ADDF}.Release|Win32.ActiveCfg = Release|Win32
		{D6BEDD1B-150E-44EB-8AF4-553F2848ADDF}.Release|Win32.Build.0 = Release|Win32
		{70E95F23-5772-4481-A072-DDB599D8D563}.Debug|Win32.ActiveCfg = Debug|Win32
		{70E95F23-5772-4481-A072-DDB599D8D563}.Debug|Win32.Build.0 = Debug|Win32
		{70E95F23-5772-4481-A072-DDB599D8D563}.Release|Win32.ActiveCfg = Release|Win32
		{70E95F23-5772-4481-A072-DDB599D8D563}.Release|Win32.Build.0 = Release|Win32
		{3FDB0223-5737-423E-AE79-530531047A5A}.Debug|Win32.ActiveCfg = Debug|Win32
		{3FDB0223-5737-423E-AE79-530531047A5A}.Debug|Win32.Build.0 = Debug|Win32
		{3FDB0223-5737-423E-AE79-530531047A5A}.Release|Win32.ActiveCfg = Release|Win32
		{3FDB0223-5737-423E-AE79-530531047A5A}.Release|Win32.Build.0 = Release|Win32
		{837E8B0D-DEA5-45F2-A6AB-0FBDE3BAA889}.Debug|Win32.ActiveCfg = Debug|Win32
		{837E8B0D-DEA5-45F2-A6AB-0FBDE3BAA889}.Debug|Win32.Build.0 = Debug|Win32
		{837E8B0D-DEA5-45F2-A6AB-0FBDE3BAA889}.Release|Win32.ActiveCfg = Release|Win32
		{837E8B0D-DEA5-45F2-A6AB-0FBDE3BAA889}.Release|Win32.Build.0 = Release|Win32
	EndGlobalSection
	GlobalSection(SolutionProperties) = preSolution
		HideSolutionNode = FALSE
	EndGlobalSection
EndGlobal
